<?xml version="1.0" encoding="utf-8"?>
<Project ToolsVersion="4.0" xmlns="http://schemas.microsoft.com/developer/msbuild/2003">
  <ItemGroup>
    <ClCompile Include="main.cpp" />
  </ItemGroup>
  <ItemGroup>
    <None Include="Actions\.gitkeep" />
    <None Include="DataStructures\.gitkeep" />
    <None Include="Entities\Orders\.gitkeep" />
    <None Include="System\.gitkeep" />
    <None Include="Entities\.gitkeep" />
  </ItemGroup>
  <ItemGroup>
    <ClInclude Include="DataStructures\ArrayStack.h" />
    <ClInclude Include="DataStructures\Node.h" />
    <ClInclude Include="DataStructures\priNode.h" />
    <ClInclude Include="DataStructures\priQueue.h" />
    <ClInclude Include="DataStructures\QueueADT.h" />
    <ClInclude Include="DataStructures\StackADT.h" />
    <ClInclude Include="DataStructures\LinkedQueue.h" />
  </ItemGroup>
</Project>